{
  "requires": true,
  "lockfileVersion": 1,
  "dependencies": {
    "ng2-loading-spinner": {
      "version": "1.3.0",
      "resolved": "https://registry.npmjs.org/ng2-loading-spinner/-/ng2-loading-spinner-1.3.0.tgz",
      "integrity": "sha512-ZhJEDaAQEkBjsO+/6dsTRAvf994OylijjZom9pZlNul2B3+7pv1prnUpCeTmxGep1ywAMHAMcGnLY5HsBwg9og==",
      "requires": {
        "tslib": "^1.9.0"
      }
    },
    "tslib": {
      "version": "1.10.0",
      "resolved": "https://registry.npmjs.org/tslib/-/tslib-1.10.0.tgz",
      "integrity": "sha512-qOebF53frne81cf0S9B41ByenJ3/IuH8yJKngAX35CmiZySA0khhkovshKK+jGCaMnVomla7gVlIcc3EvKPbTQ=="
    }
  }
}
